
Microsoft Visual Studio Solution File, Format Version 12.00
# Visual Studio Version 17
VisualStudioVersion = 17.11.35303.130
MinimumVisualStudioVersion = 10.0.40219.1
Project("{FAE04EC0-301F-11D3-BF4B-00C04F79EFBC}") = "Order Management System", "Order Management System.csproj", "{FBE08CD5-E7CA-4B1B-82CA-56FA179C165E}"
EndProject
Global
	GlobalSection(SolutionConfigurationPlatforms) = preSolution
		Debug|Any CPU = Debug|Any CPU
		Release|Any CPU = Release|Any CPU
	EndGlobalSection
	GlobalSection(ProjectConfigurationPlatforms) = postSolution
		{FBE08CD5-E7CA-4B1B-82CA-56FA179C165E}.Debug|Any CPU.ActiveCfg = Debug|Any CPU
		{FBE08CD5-E7CA-4B1B-82CA-56FA179C165E}.Debug|Any CPU.Build.0 = Debug|Any CPU
		{FBE08CD5-E7CA-4B1B-82CA-56FA179C165E}.Release|Any CPU.ActiveCfg = Release|Any CPU
		{FBE08CD5-E7CA-4B1B-82CA-56FA179C165E}.Release|Any CPU.Build.0 = Release|Any CPU
	EndGlobalSection
	GlobalSection(SolutionProperties) = preSolution
		HideSolutionNode = FALSE
	EndGlobalSection
	GlobalSection(ExtensibilityGlobals) = postSolution
		SolutionGuid = {C7546B25-1E0D-4226-A85D-24D425971059}
	EndGlobalSection
EndGlobal
